
Microsoft Visual Studio Solution File, Format Version 12.00
# Visual Studio Version 17
VisualStudioVersion = 17.2.32630.192
MinimumVisualStudioVersion = 10.0.40219.1
Project("{FAE04EC0-301F-11D3-BF4B-00C04F79EFBC}") = "PdfSignature", "PdfSignature\PdfSignature.csproj", "{DC332686-742F-4D44-A8BE-F605C0D10A49}"
EndProject
Project("{FAE04EC0-301F-11D3-BF4B-00C04F79EFBC}") = "PdfSignature.Android", "PdfSignature.Android\PdfSignature.Android.csproj", "{F9E8AD2A-BDAC-44F7-BAE6-1E9E1438E847}"
EndProject
Project("{FAE04EC0-301F-11D3-BF4B-00C04F79EFBC}") = "PdfSignature.iOS", "PdfSignature.iOS\PdfSignature.iOS.csproj", "{A39EF35A-0D00-4E96-9DF4-25B56934CD2E}"
EndProject
Project("{FAE04EC0-301F-11D3-BF4B-00C04F79EFBC}") = "PdfSignature.UWP", "PdfSignature.UWP\PdfSignature.UWP.csproj", "{CAA8FCE8-2CA3-4F17-98EA-58F7F705C746}"
EndProject
Global
	GlobalSection(SolutionConfigurationPlatforms) = preSolution
		Debug|Any CPU = Debug|Any CPU
		Debug|ARM = Debug|ARM
		Debug|iPhone = Debug|iPhone
		Debug|iPhoneSimulator = Debug|iPhoneSimulator
		Debug|x64 = Debug|x64
		Debug|x86 = Debug|x86
		Release|Any CPU = Release|Any CPU
		Release|ARM = Release|ARM
		Release|iPhone = Release|iPhone
		Release|iPhoneSimulator = Release|iPhoneSimulator
		Release|x64 = Release|x64
		Release|x86 = Release|x86
	EndGlobalSection
	GlobalSection(ProjectConfigurationPlatforms) = postSolution
		{DC332686-742F-4D44-A8BE-F605C0D10A49}.Debug|Any CPU.ActiveCfg = Debug|Any CPU
		{DC332686-742F-4D44-A8BE-F605C0D10A49}.Debug|Any CPU.Build.0 = Debug|Any CPU
		{DC332686-742F-4D44-A8BE-F605C0D10A49}.Debug|ARM.ActiveCfg = Debug|Any CPU
		{DC332686-742F-4D44-A8BE-F605C0D10A49}.Debug|ARM.Build.0 = Debug|Any CPU
		{DC332686-742F-4D44-A8BE-F605C0D10A49}.Debug|iPhone.ActiveCfg = Debug|Any CPU
		{DC332686-742F-4D44-A8BE-F605C0D10A49}.Debug|iPhone.Build.0 = Debug|Any CPU
		{DC332686-742F-4D44-A8BE-F605C0D10A49}.Debug|iPhoneSimulator.ActiveCfg = Debug|Any CPU
		{DC332686-742F-4D44-A8BE-F605C0D10A49}.Debug|iPhoneSimulator.Build.0 = Debug|Any CPU
		{DC332686-742F-4D44-A8BE-F605C0D10A49}.Debug|x64.ActiveCfg = Debug|Any CPU
		{DC332686-742F-4D44-A8BE-F605C0D10A49}.Debug|x64.Build.0 = Debug|Any CPU
		{DC332686-742F-4D44-A8BE-F605C0D10A49}.Debug|x86.ActiveCfg = Debug|Any CPU
		{DC332686-742F-4D44-A8BE-F605C0D10A49}.Debug|x86.Build.0 = Debug|Any CPU
		{DC332686-742F-4D44-A8BE-F605C0D10A49}.Release|Any CPU.ActiveCfg = Release|Any CPU
		{DC332686-742F-4D44-A8BE-F605C0D10A49}.Release|Any CPU.Build.0 = Release|Any CPU
		{DC332686-742F-4D44-A8BE-F605C0D10A49}.Release|ARM.ActiveCfg = Release|Any CPU
		{DC332686-742F-4D44-A8BE-F605C0D10A49}.Release|ARM.Build.0 = Release|Any CPU
		{DC332686-742F-4D44-A8BE-F605C0D10A49}.Release|iPhone.ActiveCfg = Release|Any CPU
		{DC332686-742F-4D44-A8BE-F605C0D10A49}.Release|iPhone.Build.0 = Release|Any CPU
		{DC332686-742F-4D44-A8BE-F605C0D10A49}.Release|iPhoneSimulator.ActiveCfg = Release|Any CPU
		{DC332686-742F-4D44-A8BE-F605C0D10A49}.Release|iPhoneSimulator.Build.0 = Release|Any CPU
		{DC332686-742F-4D44-A8BE-F605C0D10A49}.Release|x64.ActiveCfg = Release|Any CPU
		{DC332686-742F-4D44-A8BE-F605C0D10A49}.Release|x64.Build.0 = Release|Any CPU
		{DC332686-742F-4D44-A8BE-F605C0D10A49}.Release|x86.ActiveCfg = Release|Any CPU
		{DC332686-742F-4D44-A8BE-F605C0D10A49}.Release|x86.Build.0 = Release|Any CPU
		{F9E8AD2A-BDAC-44F7-BAE6-1E9E1438E847}.Debug|Any CPU.ActiveCfg = Debug|Any CPU
		{F9E8AD2A-BDAC-44F7-BAE6-1E9E1438E847}.Debug|Any CPU.Build.0 = Debug|Any CPU
		{F9E8AD2A-BDAC-44F7-BAE6-1E9E1438E847}.Debug|Any CPU.Deploy.0 = Debug|Any CPU
		{F9E8AD2A-BDAC-44F7-BAE6-1E9E1438E847}.Debug|ARM.ActiveCfg = Debug|Any CPU
		{F9E8AD2A-BDAC-44F7-BAE6-1E9E1438E847}.Debug|ARM.Build.0 = Debug|Any CPU
		{F9E8AD2A-BDAC-44F7-BAE6-1E9E1438E847}.Debug|ARM.Deploy.0 = Debug|Any CPU
		{F9E8AD2A-BDAC-44F7-BAE6-1E9E1438E847}.Debug|iPhone.ActiveCfg = Debug|Any CPU
		{F9E8AD2A-BDAC-44F7-BAE6-1E9E1438E847}.Debug|iPhone.Build.0 = Debug|Any CPU
		{F9E8AD2A-BDAC-44F7-BAE6-1E9E1438E847}.Debug|iPhone.Deploy.0 = Debug|Any CPU
		{F9E8AD2A-BDAC-44F7-BAE6-1E9E1438E847}.Debug|iPhoneSimulator.ActiveCfg = Debug|Any CPU
		{F9E8AD2A-BDAC-44F7-BAE6-1E9E1438E847}.Debug|iPhoneSimulator.Build.0 = Debug|Any CPU
		{F9E8AD2A-BDAC-44F7-BAE6-1E9E1438E847}.Debug|iPhoneSimulator.Deploy.0 = Debug|Any CPU
		{F9E8AD2A-BDAC-44F7-BAE6-1E9E1438E847}.Debug|x64.ActiveCfg = Debug|Any CPU
		{F9E8AD2A-BDAC-44F7-BAE6-1E9E1438E847}.Debug|x64.Build.0 = Debug|Any CPU
		{F9E8AD2A-BDAC-44F7-BAE6-1E9E1438E847}.Debug|x64.Deploy.0 = Debug|Any CPU
		{F9E8AD2A-BDAC-44F7-BAE6-1E9E1438E847}.Debug|x86.ActiveCfg = Debug|Any CPU
		{F9E8AD2A-BDAC-44F7-BAE6-1E9E1438E847}.Debug|x86.Build.0 = Debug|Any CPU
		{F9E8AD2A-BDAC-44F7-BAE6-1E9E1438E847}.Debug|x86.Deploy.0 = Debug|Any CPU
		{F9E8AD2A-BDAC-44F7-BAE6-1E9E1438E847}.Release|Any CPU.ActiveCfg = Release|Any CPU
		{F9E8AD2A-BDAC-44F7-BAE6-1E9E1438E847}.Release|Any CPU.Build.0 = Release|Any CPU
		{F9E8AD2A-BDAC-44F7-BAE6-1E9E1438E847}.Release|Any CPU.Deploy.0 = Release|Any CPU
		{F9E8AD2A-BDAC-44F7-BAE6-1E9E1438E847}.Release|ARM.ActiveCfg = Release|Any CPU
		{F9E8AD2A-BDAC-44F7-BAE6-1E9E1438E847}.Release|ARM.Build.0 = Release|Any CPU
		{F9E8AD2A-BDAC-44F7-BAE6-1E9E1438E847}.Release|ARM.Deploy.0 = Release|Any CPU
		{F9E8AD2A-BDAC-44F7-BAE6-1E9E1438E847}.Release|iPhone.ActiveCfg = Release|Any CPU
		{F9E8AD2A-BDAC-44F7-BAE6-1E9E1438E847}.Release|iPhone.Build.0 = Release|Any CPU
		{F9E8AD2A-BDAC-44F7-BAE6-1E9E1438E847}.Release|iPhone.Deploy.0 = Release|Any CPU
		{F9E8AD2A-BDAC-44F7-BAE6-1E9E1438E847}.Release|iPhoneSimulator.ActiveCfg = Release|Any CPU
		{F9E8AD2A-BDAC-44F7-BAE6-1E9E1438E847}.Release|iPhoneSimulator.Build.0 = Release|Any CPU
		{F9E8AD2A-BDAC-44F7-BAE6-1E9E1438E847}.Release|iPhoneSimulator.Deploy.0 = Release|Any CPU
		{F9E8AD2A-BDAC-44F7-BAE6-1E9E1438E847}.Release|x64.ActiveCfg = Release|Any CPU
		{F9E8AD2A-BDAC-44F7-BAE6-1E9E1438E847}.Release|x64.Build.0 = Release|Any CPU
		{F9E8AD2A-BDAC-44F7-BAE6-1E9E1438E847}.Release|x64.Deploy.0 = Release|Any CPU
		{F9E8AD2A-BDAC-44F7-BAE6-1E9E1438E847}.Release|x86.ActiveCfg = Release|Any CPU
		{F9E8AD2A-BDAC-44F7-BAE6-1E9E1438E847}.Release|x86.Build.0 = Release|Any CPU
		{F9E8AD2A-BDAC-44F7-BAE6-1E9E1438E847}.Release|x86.Deploy.0 = Release|Any CPU
		{A39EF35A-0D00-4E96-9DF4-25B56934CD2E}.Debug|Any CPU.ActiveCfg = Debug|iPhoneSimulator
		{A39EF35A-0D00-4E96-9DF4-25B56934CD2E}.Debug|Any CPU.Build.0 = Debug|iPhoneSimulator
		{A39EF35A-0D00-4E96-9DF4-25B56934CD2E}.Debug|ARM.ActiveCfg = Debug|iPhoneSimulator
		{A39EF35A-0D00-4E96-9DF4-25B56934CD2E}.Debug|ARM.Build.0 = Debug|iPhoneSimulator
		{A39EF35A-0D00-4E96-9DF4-25B56934CD2E}.Debug|iPhone.ActiveCfg = Debug|iPhone
		{A39EF35A-0D00-4E96-9DF4-25B56934CD2E}.Debug|iPhone.Build.0 = Debug|iPhone
		{A39EF35A-0D00-4E96-9DF4-25B56934CD2E}.Debug|iPhoneSimulator.ActiveCfg = Debug|iPhoneSimulator
		{A39EF35A-0D00-4E96-9DF4-25B56934CD2E}.Debug|iPhoneSimulator.Build.0 = Debug|iPhoneSimulator
		{A39EF35A-0D00-4E96-9DF4-25B56934CD2E}.Debug|x64.ActiveCfg = Debug|iPhoneSimulator
		{A39EF35A-0D00-4E96-9DF4-25B56934CD2E}.Debug|x64.Build.0 = Debug|iPhoneSimulator
		{A39EF35A-0D00-4E96-9DF4-25B56934CD2E}.Debug|x86.ActiveCfg = Debug|iPhoneSimulator
		{A39EF35A-0D00-4E96-9DF4-25B56934CD2E}.Debug|x86.Build.0 = Debug|iPhoneSimulator
		{A39EF35A-0D00-4E96-9DF4-25B56934CD2E}.Release|Any CPU.ActiveCfg = Release|iPhoneSimulator
		{A39EF35A-0D00-4E96-9DF4-25B56934CD2E}.Release|Any CPU.Build.0 = Release|iPhoneSimulator
		{A39EF35A-0D00-4E96-9DF4-25B56934CD2E}.Release|ARM.ActiveCfg = Release|iPhoneSimulator
		{A39EF35A-0D00-4E96-9DF4-25B56934CD2E}.Release|ARM.Build.0 = Release|iPhoneSimulator
		{A39EF35A-0D00-4E96-9DF4-25B56934CD2E}.Release|iPhone.ActiveCfg = Release|iPhone
		{A39EF35A-0D00-4E96-9DF4-25B56934CD2E}.Release|iPhone.Build.0 = Release|iPhone
		{A39EF35A-0D00-4E96-9DF4-25B56934CD2E}.Release|iPhoneSimulator.ActiveCfg = Release|iPhoneSimulator
		{A39EF35A-0D00-4E96-9DF4-25B56934CD2E}.Release|iPhoneSimulator.Build.0 = Release|iPhoneSimulator
		{A39EF35A-0D00-4E96-9DF4-25B56934CD2E}.Release|x64.ActiveCfg = Release|iPhoneSimulator
		{A39EF35A-0D00-4E96-9DF4-25B56934CD2E}.Release|x64.Build.0 = Release|iPhoneSimulator
		{A39EF35A-0D00-4E96-9DF4-25B56934CD2E}.Release|x86.ActiveCfg = Release|iPhoneSimulator
		{A39EF35A-0D00-4E96-9DF4-25B56934CD2E}.Release|x86.Build.0 = Release|iPhoneSimulator
		{CAA8FCE8-2CA3-4F17-98EA-58F7F705C746}.Debug|Any CPU.ActiveCfg = Debug|x64
		{CAA8FCE8-2CA3-4F17-98EA-58F7F705C746}.Debug|Any CPU.Build.0 = Debug|x64
		{CAA8FCE8-2CA3-4F17-98EA-58F7F705C746}.Debug|Any CPU.Deploy.0 = Debug|x64
		{CAA8FCE8-2CA3-4F17-98EA-58F7F705C746}.Debug|ARM.ActiveCfg = Debug|ARM
		{CAA8FCE8-2CA3-4F17-98EA-58F7F705C746}.Debug|ARM.Build.0 = Debug|ARM
		{CAA8FCE8-2CA3-4F17-98EA-58F7F705C746}.Debug|ARM.Deploy.0 = Debug|ARM
		{CAA8FCE8-2CA3-4F17-98EA-58F7F705C746}.Debug|iPhone.ActiveCfg = Debug|x64
		{CAA8FCE8-2CA3-4F17-98EA-58F7F705C746}.Debug|iPhone.Build.0 = Debug|x64
		{CAA8FCE8-2CA3-4F17-98EA-58F7F705C746}.Debug|iPhone.Deploy.0 = Debug|x64
		{CAA8FCE8-2CA3-4F17-98EA-58F7F705C746}.Debug|iPhoneSimulator.ActiveCfg = Debug|x64
		{CAA8FCE8-2CA3-4F17-98EA-58F7F705C746}.Debug|iPhoneSimulator.Build.0 = Debug|x64
		{CAA8FCE8-2CA3-4F17-98EA-58F7F705C746}.Debug|iPhoneSimulator.Deploy.0 = Debug|x64
		{CAA8FCE8-2CA3-4F17-98EA-58F7F705C746}.Debug|x64.ActiveCfg = Debug|x64
		{CAA8FCE8-2CA3-4F17-98EA-58F7F705C746}.Debug|x64.Build.0 = Debug|x64
		{CAA8FCE8-2CA3-4F17-98EA-58F7F705C746}.Debug|x64.Deploy.0 = Debug|x64
		{CAA8FCE8-2CA3-4F17-98EA-58F7F705C746}.Debug|x86.ActiveCfg = Debug|x86
		{CAA8FCE8-2CA3-4F17-98EA-58F7F705C746}.Debug|x86.Build.0 = Debug|x86
		{CAA8FCE8-2CA3-4F17-98EA-58F7F705C746}.Debug|x86.Deploy.0 = Debug|x86
		{CAA8FCE8-2CA3-4F17-98EA-58F7F705C746}.Release|Any CPU.ActiveCfg = Release|x64
		{CAA8FCE8-2CA3-4F17-98EA-58F7F705C746}.Release|Any CPU.Build.0 = Release|x64
		{CAA8FCE8-2CA3-4F17-98EA-58F7F705C746}.Release|Any CPU.Deploy.0 = Release|x64
		{CAA8FCE8-2CA3-4F17-98EA-58F7F705C746}.Release|ARM.ActiveCfg = Release|ARM
		{CAA8FCE8-2CA3-4F17-98EA-58F7F705C746}.Release|ARM.Build.0 = Release|ARM
		{CAA8FCE8-2CA3-4F17-98EA-58F7F705C746}.Release|ARM.Deploy.0 = Release|ARM
		{CAA8FCE8-2CA3-4F17-98EA-58F7F705C746}.Release|iPhone.ActiveCfg = Release|x64
		{CAA8FCE8-2CA3-4F17-98EA-58F7F705C746}.Release|iPhone.Build.0 = Release|x64
		{CAA8FCE8-2CA3-4F17-98EA-58F7F705C746}.Release|iPhone.Deploy.0 = Release|x64
		{CAA8FCE8-2CA3-4F17-98EA-58F7F705C746}.Release|iPhoneSimulator.ActiveCfg = Release|x64
		{CAA8FCE8-2CA3-4F17-98EA-58F7F705C746}.Release|iPhoneSimulator.Build.0 = Release|x64
		{CAA8FCE8-2CA3-4F17-98EA-58F7F705C746}.Release|iPhoneSimulator.Deploy.0 = Release|x64
		{CAA8FCE8-2CA3-4F17-98EA-58F7F705C746}.Release|x64.ActiveCfg = Release|x64
		{CAA8FCE8-2CA3-4F17-98EA-58F7F705C746}.Release|x64.Build.0 = Release|x64
		{CAA8FCE8-2CA3-4F17-98EA-58F7F705C746}.Release|x64.Deploy.0 = Release|x64
		{CAA8FCE8-2CA3-4F17-98EA-58F7F705C746}.Release|x86.ActiveCfg = Release|x86
		{CAA8FCE8-2CA3-4F17-98EA-58F7F705C746}.Release|x86.Build.0 = Release|x86
		{CAA8FCE8-2CA3-4F17-98EA-58F7F705C746}.Release|x86.Deploy.0 = Release|x86
	EndGlobalSection
	GlobalSection(SolutionProperties) = preSolution
		HideSolutionNode = FALSE
	EndGlobalSection
	GlobalSection(ExtensibilityGlobals) = postSolution
		SolutionGuid = {9307C25D-1668-45AD-A7DD-6A79B070FF81}
	EndGlobalSection
EndGlobal
